
Microsoft Visual Studio Solution File, Format Version 12.00
# Visual Studio Version 17
VisualStudioVersion = 17.4.33205.214
MinimumVisualStudioVersion = 10.0.40219.1
Project("{9A19103F-16F7-4668-BE54-9A1E7A4F7556}") = "BlazorBattles.Server", "BlazorBattles\Server\BlazorBattles.Server.csproj", "{86EDCFDC-2693-4435-945D-8620972240C2}"
EndProject
Project("{9A19103F-16F7-4668-BE54-9A1E7A4F7556}") = "BlazorBattles.Client", "BlazorBattles\Client\BlazorBattles.Client.csproj", "{3FA55847-7ADA-4E88-A903-FDB48DF7350E}"
EndProject
Project("{9A19103F-16F7-4668-BE54-9A1E7A4F7556}") = "BlazorBattles.Shared", "BlazorBattles\Shared\BlazorBattles.Shared.csproj", "{5AE36204-5917-4F4A-AE20-F8E7D74D2642}"
EndProject
Global
	GlobalSection(SolutionConfigurationPlatforms) = preSolution
		Debug|Any CPU = Debug|Any CPU
		Release|Any CPU = Release|Any CPU
	EndGlobalSection
	GlobalSection(ProjectConfigurationPlatforms) = postSolution
		{86EDCFDC-2693-4435-945D-8620972240C2}.Debug|Any CPU.ActiveCfg = Debug|Any CPU
		{86EDCFDC-2693-4435-945D-8620972240C2}.Debug|Any CPU.Build.0 = Debug|Any CPU
		{86EDCFDC-2693-4435-945D-8620972240C2}.Release|Any CPU.ActiveCfg = Release|Any CPU
		{86EDCFDC-2693-4435-945D-8620972240C2}.Release|Any CPU.Build.0 = Release|Any CPU
		{3FA55847-7ADA-4E88-A903-FDB48DF7350E}.Debug|Any CPU.ActiveCfg = Debug|Any CPU
		{3FA55847-7ADA-4E88-A903-FDB48DF7350E}.Debug|Any CPU.Build.0 = Debug|Any CPU
		{3FA55847-7ADA-4E88-A903-FDB48DF7350E}.Release|Any CPU.ActiveCfg = Release|Any CPU
		{3FA55847-7ADA-4E88-A903-FDB48DF7350E}.Release|Any CPU.Build.0 = Release|Any CPU
		{5AE36204-5917-4F4A-AE20-F8E7D74D2642}.Debug|Any CPU.ActiveCfg = Debug|Any CPU
		{5AE36204-5917-4F4A-AE20-F8E7D74D2642}.Debug|Any CPU.Build.0 = Debug|Any CPU
		{5AE36204-5917-4F4A-AE20-F8E7D74D2642}.Release|Any CPU.ActiveCfg = Release|Any CPU
		{5AE36204-5917-4F4A-AE20-F8E7D74D2642}.Release|Any CPU.Build.0 = Release|Any CPU
	EndGlobalSection
	GlobalSection(SolutionProperties) = preSolution
		HideSolutionNode = FALSE
	EndGlobalSection
	GlobalSection(ExtensibilityGlobals) = postSolution
		SolutionGuid = {21D73906-1B5E-4FDF-B011-C308A7BF2C6C}
	EndGlobalSection
EndGlobal
